{
  "nodes": {
    "nixpkgs": {
      "locked": {
        "lastModified": 1774006787,
        "narHash": "sha256-0ElSqvX0kWUcRqCcgSnqBDmy1a0GPzWEmmdh24jNUD8=",
        "owner": "NixOS",
        "repo": "nixpkgs",
        "rev": "41f80e2199f5cc95f765a82a4d58d4fcedf593a2",
        "type": "github"
      },
      "original": {
        "owner": "NixOS",
        "repo": "nixpkgs",
        "type": "github"
      }
    },
    "root": {
      "inputs": {
        "nixpkgs": "nixpkgs"
      }
    }
  },
  "root": "root",
  "version": 7
}
